
Microsoft Visual Studio Solution File, Format Version 12.00
# Visual Studio Version 16
VisualStudioVersion = 16.0.29215.179
MinimumVisualStudioVersion = 10.0.40219.1
Project("{FAE04EC0-301F-11D3-BF4B-00C04F79EFBC}") = "Arrays1", "Arrays1\Arrays1.csproj", "{EEE718AD-8FB8-4B22-B9AF-2E5F1AF1543A}"
EndProject
Global
	GlobalSection(SolutionConfigurationPlatforms) = preSolution
		Debug|Any CPU = Debug|Any CPU
		Release|Any CPU = Release|Any CPU
	EndGlobalSection
	GlobalSection(ProjectConfigurationPlatforms) = postSolution
		{EEE718AD-8FB8-4B22-B9AF-2E5F1AF1543A}.Debug|Any CPU.ActiveCfg = Debug|Any CPU
		{EEE718AD-8FB8-4B22-B9AF-2E5F1AF1543A}.Debug|Any CPU.Build.0 = Debug|Any CPU
		{EEE718AD-8FB8-4B22-B9AF-2E5F1AF1543A}.Release|Any CPU.ActiveCfg = Release|Any CPU
		{EEE718AD-8FB8-4B22-B9AF-2E5F1AF1543A}.Release|Any CPU.Build.0 = Release|Any CPU
	EndGlobalSection
	GlobalSection(SolutionProperties) = preSolution
		HideSolutionNode = FALSE
	EndGlobalSection
	GlobalSection(ExtensibilityGlobals) = postSolution
		SolutionGuid = {F91BBBC7-1731-4A52-921D-0C42A932A0BC}
	EndGlobalSection
EndGlobal
